{
    "_meta": {
        "hash": {
            "sha256": "63605f786fb110f46d9acd3cf0b1d24ff95adbc1b860bd904427f6c6deb157b4"
        },
        "pipfile-spec": 6,
        "requires": {
            "python_version": "3.9"
        },
        "sources": [
            {
                "name": "pypi",
                "url": "https://pypi.org/simple",
                "verify_ssl": true
            }
        ]
    },
    "default": {
        "certifi": {
            "hashes": [
                "sha256:539cc1d13202e33ca466e88b2807e29f4c13049d6d87031a3c110744495cb082",
                "sha256:92d6037539857d8206b8f6ae472e8b77db8058fec5937a1ef3f54304089edbb9"
            ],
            "markers": "python_version >= '3.6'",
            "version": "==2023.7.22"
        },
        "charset-normalizer": {
            "hashes": [
                "sha256:06cf46bdff72f58645434d467bf5228080801298fbba19fe268a01b4534467f5",
                "sha256:0c8c61fb505c7dad1d251c284e712d4e0372cef3b067f7ddf82a7fa82e1e9a93",
                "sha256:10b8dd31e10f32410751b3430996f9807fc4d1587ca69772e2aa940a82ab571a",
                "sha256:1171ef1fc5ab4693c5d151ae0fdad7f7349920eabbaca6271f95969fa0756c2d",
                "sha256:17a866d61259c7de1bdadef418a37755050ddb4b922df8b356503234fff7932c",
                "sha256:1d6bfc32a68bc0933819cfdfe45f9abc3cae3877e1d90aac7259d57e6e0f85b1",
                "sha256:1ec937546cad86d0dce5396748bf392bb7b62a9eeb8c66efac60e947697f0e58",
                "sha256:223b4d54561c01048f657fa6ce41461d5ad8ff128b9678cfe8b2ecd951e3f8a2",
                "sha256:2465aa50c9299d615d757c1c888bc6fef384b7c4aec81c05a0172b4400f98557",
                "sha256:28f512b9a33235545fbbdac6a330a510b63be278a50071a336afc1b78781b147",
                "sha256:2c092be3885a1b7899cd85ce24acedc1034199d6fca1483fa2c3a35c86e43041",
                "sha256:2c4c99f98fc3a1835af8179dcc9013f93594d0670e2fa80c83aa36346ee763d2",
                "sha256:31445f38053476a0c4e6d12b047b08ced81e2c7c712e5a1ad97bc913256f91b2",
                "sha256:31bbaba7218904d2eabecf4feec0d07469284e952a27400f23b6628439439fa7",
                "sha256:34d95638ff3613849f473afc33f65c401a89f3b9528d0d213c7037c398a51296",
                "sha256:352a88c3df0d1fa886562384b86f9a9e27563d4704ee0e9d56ec6fcd270ea690",
                "sha256:39b70a6f88eebe239fa775190796d55a33cfb6d36b9ffdd37843f7c4c1b5dc67",
                "sha256:3c66df3f41abee950d6638adc7eac4730a306b022570f71dd0bd6ba53503ab57",
                "sha256:3f70fd716855cd3b855316b226a1ac8bdb3caf4f7ea96edcccc6f484217c9597",
                "sha256:3f9bc2ce123637a60ebe819f9fccc614da1bcc05798bbbaf2dd4ec91f3e08846",
                "sha256:3fb765362688821404ad6cf86772fc54993ec11577cd5a92ac44b4c2ba52155b",
                "sha256:45f053a0ece92c734d874861ffe6e3cc92150e32136dd59ab1fb070575189c97",
                "sha256:46fb9970aa5eeca547d7aa0de5d4b124a288b42eaefac677bde805013c95725c",
                "sha256:4cb50a0335382aac15c31b61d8531bc9bb657cfd848b1d7158009472189f3d62",
                "sha256:4e12f8ee80aa35e746230a2af83e81bd6b52daa92a8afaef4fea4a2ce9b9f4fa",
                "sha256:4f3100d86dcd03c03f7e9c3fdb23d92e32abbca07e7c13ebd7ddfbcb06f5991f",
                "sha256:4f6e2a839f83a6a76854d12dbebde50e4b1afa63e27761549d006fa53e9aa80e",
                "sha256:4f861d94c2a450b974b86093c6c027888627b8082f1299dfd5a4bae8e2292821",
                "sha256:501adc5eb6cd5f40a6f77fbd90e5ab915c8fd6e8c614af2db5561e16c600d6f3",
                "sha256:520b7a142d2524f999447b3a0cf95115df81c4f33003c51a6ab637cbda9d0bf4",
                "sha256:548eefad783ed787b38cb6f9a574bd8664468cc76d1538215d510a3cd41406cb",
                "sha256:555fe186da0068d3354cdf4bbcbc609b0ecae4d04c921cc13e209eece7720727",
                "sha256:55602981b2dbf8184c098bc10287e8c245e351cd4fdcad050bd7199d5a8bf514",
                "sha256:58e875eb7016fd014c0eea46c6fa92b87b62c0cb31b9feae25cbbe62c919f54d",
                "sha256:5a3580a4fdc4ac05f9e53c57f965e3594b2f99796231380adb2baaab96e22761",
                "sha256:5b70bab78accbc672f50e878a5b73ca692f45f5b5e25c8066d748c09405e6a55",
                "sha256:5ceca5876032362ae73b83347be8b5dbd2d1faf3358deb38c9c88776779b2e2f",
                "sha256:61f1e3fb621f5420523abb71f5771a204b33c21d31e7d9d86881b2cffe92c47c",
                "sha256:633968254f8d421e70f91c6ebe71ed0ab140220469cf87a9857e21c16687c034",
                "sha256:63a6f59e2d01310f754c270e4a257426fe5a591dc487f1983b3bbe793cf6bac6",
                "sha256:63accd11149c0f9a99e3bc095bbdb5a464862d77a7e309ad5938fbc8721235ae",
                "sha256:6db3cfb9b4fcecb4390db154e75b49578c87a3b9979b40cdf90d7e4b945656e1",
                "sha256:71ef3b9be10070360f289aea4838c784f8b851be3ba58cf796262b57775c2f14",
                "sha256:7ae8e5142dcc7a49168f4055255dbcced01dc1714a90a21f87448dc8d90617d1",
                "sha256:7b6cefa579e1237ce198619b76eaa148b71894fb0d6bcf9024460f9bf30fd228",
                "sha256:800561453acdecedaac137bf09cd719c7a440b6800ec182f077bb8e7025fb708",
                "sha256:82ca51ff0fc5b641a2d4e1cc8c5ff108699b7a56d7f3ad6f6da9dbb6f0145b48",
                "sha256:851cf693fb3aaef71031237cd68699dded198657ec1e76a76eb8be58c03a5d1f",
                "sha256:854cc74367180beb327ab9d00f964f6d91da06450b0855cbbb09187bcdb02de5",
                "sha256:87071618d3d8ec8b186d53cb6e66955ef2a0e4fa63ccd3709c0c90ac5a43520f",
                "sha256:871d045d6ccc181fd863a3cd66ee8e395523ebfbc57f85f91f035f50cee8e3d4",
                "sha256:8aee051c89e13565c6bd366813c386939f8e928af93c29fda4af86d25b73d8f8",
                "sha256:8af5a8917b8af42295e86b64903156b4f110a30dca5f3b5aedea123fbd638bff",
                "sha256:8ec8ef42c6cd5856a7613dcd1eaf21e5573b2185263d87d27c8edcae33b62a61",
                "sha256:91e43805ccafa0a91831f9cd5443aa34528c0c3f2cc48c4cb3d9a7721053874b",
                "sha256:9505dc359edb6a330efcd2be825fdb73ee3e628d9010597aa1aee5aa63442e97",
                "sha256:985c7965f62f6f32bf432e2681173db41336a9c2611693247069288bcb0c7f8b",
                "sha256:9a74041ba0bfa9bc9b9bb2cd3238a6ab3b7618e759b41bd15b5f6ad958d17605",
                "sha256:9edbe6a5bf8b56a4a84533ba2b2f489d0046e755c29616ef8830f9e7d9cf5728",
                "sha256:a15c1fe6d26e83fd2e5972425a772cca158eae58b05d4a25a4e474c221053e2d",
                "sha256:a66bcdf19c1a523e41b8e9d53d0cedbfbac2e93c649a2e9502cb26c014d0980c",
                "sha256:ae4070f741f8d809075ef697877fd350ecf0b7c5837ed68738607ee0a2c572cf",
                "sha256:ae55d592b02c4349525b6ed8f74c692509e5adffa842e582c0f861751701a673",
                "sha256:b578cbe580e3b41ad17b1c428f382c814b32a6ce90f2d8e39e2e635d49e498d1",
                "sha256:b891a2f68e09c5ef989007fac11476ed33c5c9994449a4e2c3386529d703dc8b",
                "sha256:baec8148d6b8bd5cee1ae138ba658c71f5b03e0d69d5907703e3e1df96db5e41",
                "sha256:bb06098d019766ca16fc915ecaa455c1f1cd594204e7f840cd6258237b5079a8",
                "sha256:bc791ec3fd0c4309a753f95bb6c749ef0d8ea3aea91f07ee1cf06b7b02118f2f",
                "sha256:bd28b31730f0e982ace8663d108e01199098432a30a4c410d06fe08fdb9e93f4",
                "sha256:be4d9c2770044a59715eb57c1144dedea7c5d5ae80c68fb9959515037cde2008",
                "sha256:c0c72d34e7de5604df0fde3644cc079feee5e55464967d10b24b1de268deceb9",
                "sha256:c0e842112fe3f1a4ffcf64b06dc4c61a88441c2f02f373367f7b4c1aa9be2ad5",
                "sha256:c15070ebf11b8b7fd1bfff7217e9324963c82dbdf6182ff7050519e350e7ad9f",
                "sha256:c2000c54c395d9e5e44c99dc7c20a64dc371f777faf8bae4919ad3e99ce5253e",
                "sha256:c30187840d36d0ba2893bc3271a36a517a717f9fd383a98e2697ee890a37c273",
                "sha256:cb7cd68814308aade9d0c93c5bd2ade9f9441666f8ba5aa9c2d4b389cb5e2a45",
                "sha256:cd805513198304026bd379d1d516afbf6c3c13f4382134a2c526b8b854da1c2e",
                "sha256:d0bf89afcbcf4d1bb2652f6580e5e55a840fdf87384f6063c4a4f0c95e378656",
                "sha256:d9137a876020661972ca6eec0766d81aef8a5627df628b664b234b73396e727e",
                "sha256:dbd95e300367aa0827496fe75a1766d198d34385a58f97683fe6e07f89ca3e3c",
                "sha256:dced27917823df984fe0c80a5c4ad75cf58df0fbfae890bc08004cd3888922a2",
                "sha256:de0b4caa1c8a21394e8ce971997614a17648f94e1cd0640fbd6b4d14cab13a72",
                "sha256:debb633f3f7856f95ad957d9b9c781f8e2c6303ef21724ec94bea2ce2fcbd056",
                "sha256:e372d7dfd154009142631de2d316adad3cc1c36c32a38b16a4751ba78da2a397",
                "sha256:ecd26be9f112c4f96718290c10f4caea6cc798459a3a76636b817a0ed7874e42",
                "sha256:edc0202099ea1d82844316604e17d2b175044f9bcb6b398aab781eba957224bd",
                "sha256:f194cce575e59ffe442c10a360182a986535fd90b57f7debfaa5c845c409ecc3",
                "sha256:f5fb672c396d826ca16a022ac04c9dce74e00a1c344f6ad1a0fdc1ba1f332213",
                "sha256:f6a02a3c7950cafaadcd46a226ad9e12fc9744652cc69f9e5534f98b47f3bbcf",
                "sha256:fe81b35c33772e56f4b6cf62cf4aedc1762ef7162a31e6ac7fe5e40d0149eb67"
            ],
            "markers": "python_full_version >= '3.7.0'",
            "version": "==3.3.1"
        },
        "greenlet": {
            "hashes": [
                "sha256:02a807b2a58d5cdebb07050efe3d7deaf915468d112dfcf5e426d0564aa3aa4a",
                "sha256:0b72b802496cccbd9b31acea72b6f87e7771ccfd7f7927437d592e5c92ed703c",
                "sha256:0d3f83ffb18dc57243e0151331e3c383b05e5b6c5029ac29f754745c800f8ed9",
                "sha256:10b5582744abd9858947d163843d323d0b67be9432db50f8bf83031032bc218d",
                "sha256:123910c58234a8d40eaab595bc56a5ae49bdd90122dde5bdc012c20595a94c14",
                "sha256:1482fba7fbed96ea7842b5a7fc11d61727e8be75a077e603e8ab49d24e234383",
                "sha256:19834e3f91f485442adc1ee440171ec5d9a4840a1f7bd5ed97833544719ce10b",
                "sha256:1d363666acc21d2c204dd8705c0e0457d7b2ee7a76cb16ffc099d6799744ac99",
                "sha256:211ef8d174601b80e01436f4e6905aca341b15a566f35a10dd8d1e93f5dbb3b7",
                "sha256:269d06fa0f9624455ce08ae0179430eea61085e3cf6457f05982b37fd2cefe17",
                "sha256:2e7dcdfad252f2ca83c685b0fa9fba00e4d8f243b73839229d56ee3d9d219314",
                "sha256:334ef6ed8337bd0b58bb0ae4f7f2dcc84c9f116e474bb4ec250a8bb9bd797a66",
                "sha256:343675e0da2f3c69d3fb1e894ba0a1acf58f481f3b9372ce1eb465ef93cf6fed",
                "sha256:37f60b3a42d8b5499be910d1267b24355c495064f271cfe74bf28b17b099133c",
                "sha256:38ad562a104cd41e9d4644f46ea37167b93190c6d5e4048fcc4b80d34ecb278f",
                "sha256:3c0d36f5adc6e6100aedbc976d7428a9f7194ea79911aa4bf471f44ee13a9464",
                "sha256:3fd2b18432e7298fcbec3d39e1a0aa91ae9ea1c93356ec089421fabc3651572b",
                "sha256:4a1a6244ff96343e9994e37e5b4839f09a0207d35ef6134dce5c20d260d0302c",
                "sha256:4cd83fb8d8e17633ad534d9ac93719ef8937568d730ef07ac3a98cb520fd93e4",
                "sha256:527cd90ba3d8d7ae7dceb06fda619895768a46a1b4e423bdb24c1969823b8362",
                "sha256:56867a3b3cf26dc8a0beecdb4459c59f4c47cdd5424618c08515f682e1d46692",
                "sha256:621fcb346141ae08cb95424ebfc5b014361621b8132c48e538e34c3c93ac7365",
                "sha256:63acdc34c9cde42a6534518e32ce55c30f932b473c62c235a466469a710bfbf9",
                "sha256:6512592cc49b2c6d9b19fbaa0312124cd4c4c8a90d28473f86f92685cc5fef8e",
                "sha256:6672fdde0fd1a60b44fb1751a7779c6db487e42b0cc65e7caa6aa686874e79fb",
                "sha256:6a5b2d4cdaf1c71057ff823a19d850ed5c6c2d3686cb71f73ae4d6382aaa7a06",
                "sha256:6a68d670c8f89ff65c82b936275369e532772eebc027c3be68c6b87ad05ca695",
                "sha256:6bb36985f606a7c49916eff74ab99399cdfd09241c375d5a820bb855dfb4af9f",
                "sha256:73b2f1922a39d5d59cc0e597987300df3396b148a9bd10b76a058a2f2772fc04",
                "sha256:7709fd7bb02b31908dc8fd35bfd0a29fc24681d5cc9ac1d64ad07f8d2b7db62f",
                "sha256:8060b32d8586e912a7b7dac2d15b28dbbd63a174ab32f5bc6d107a1c4143f40b",
                "sha256:80dcd3c938cbcac986c5c92779db8e8ce51a89a849c135172c88ecbdc8c056b7",
                "sha256:813720bd57e193391dfe26f4871186cf460848b83df7e23e6bef698a7624b4c9",
                "sha256:831d6f35037cf18ca5e80a737a27d822d87cd922521d18ed3dbc8a6967be50ce",
                "sha256:871b0a8835f9e9d461b7fdaa1b57e3492dd45398e87324c047469ce2fc9f516c",
                "sha256:952256c2bc5b4ee8df8dfc54fc4de330970bf5d79253c863fb5e6761f00dda35",
                "sha256:96d9ea57292f636ec851a9bb961a5cc0f9976900e16e5d5647f19aa36ba6366b",
                "sha256:9a812224a5fb17a538207e8cf8e86f517df2080c8ee0f8c1ed2bdaccd18f38f4",
                "sha256:9adbd8ecf097e34ada8efde9b6fec4dd2a903b1e98037adf72d12993a1c80b51",
                "sha256:9de687479faec7db5b198cc365bc34addd256b0028956501f4d4d5e9ca2e240a",
                "sha256:a048293392d4e058298710a54dfaefcefdf49d287cd33fb1f7d63d55426e4355",
                "sha256:aa15a2ec737cb609ed48902b45c5e4ff6044feb5dcdfcf6fa8482379190330d7",
                "sha256:abe1ef3d780de56defd0c77c5ba95e152f4e4c4e12d7e11dd8447d338b85a625",
                "sha256:ad6fb737e46b8bd63156b8f59ba6cdef46fe2b7db0c5804388a2d0519b8ddb99",
                "sha256:b1660a15a446206c8545edc292ab5c48b91ff732f91b3d3b30d9a915d5ec4779",
                "sha256:b505fcfc26f4148551826a96f7317e02c400665fa0883fe505d4fcaab1dabfdd",
                "sha256:b822fab253ac0f330ee807e7485769e3ac85d5eef827ca224feaaefa462dc0d0",
                "sha256:bdd696947cd695924aecb3870660b7545a19851f93b9d327ef8236bfc49be705",
                "sha256:bdfaeecf8cc705d35d8e6de324bf58427d7eafb55f67050d8f28053a3d57118c",
                "sha256:be557119bf467d37a8099d91fbf11b2de5eb1fd5fc5b91598407574848dc910f",
                "sha256:c6b5ce7f40f0e2f8b88c28e6691ca6806814157ff05e794cdd161be928550f4c",
                "sha256:c94e4e924d09b5a3e37b853fe5924a95eac058cb6f6fb437ebb588b7eda79870",
                "sha256:cc3e2679ea13b4de79bdc44b25a0c4fcd5e94e21b8f290791744ac42d34a0353",
                "sha256:d1e22c22f7826096ad503e9bb681b05b8c1f5a8138469b255eb91f26a76634f2",
                "sha256:d5539f6da3418c3dc002739cb2bb8d169056aa66e0c83f6bacae0cd3ac26b423",
                "sha256:d55db1db455c59b46f794346efce896e754b8942817f46a1bada2d29446e305a",
                "sha256:e09dea87cc91aea5500262993cbd484b41edf8af74f976719dd83fe724644cd6",
                "sha256:e52a712c38e5fb4fd68e00dc3caf00b60cb65634d50e32281a9d6431b33b4af1",
                "sha256:e693e759e172fa1c2c90d35dea4acbdd1d609b6936115d3739148d5e4cd11947",
                "sha256:ecf94aa539e97a8411b5ea52fc6ccd8371be9550c4041011a091eb8b3ca1d810",
                "sha256:f351479a6914fd81a55c8e68963609f792d9b067fb8a60a042c585a621e0de4f",
                "sha256:f47932c434a3c8d3c86d865443fadc1fbf574e9b11d6650b656e602b1797908a"
            ],
            "markers": "python_version >= '3' and platform_machine == 'aarch64' or (platform_machine == 'ppc64le' or (platform_machine == 'x86_64' or (platform_machine == 'amd64' or (platform_machine == 'AMD64' or (platform_machine == 'win32' or platform_machine == 'WIN32')))))",
            "version": "==3.0.0"
        },
        "idna": {
            "hashes": [
                "sha256:814f528e8dead7d329833b91c5faa87d60bf71824cd12a7530b5526063d02cb4",
                "sha256:90b77e79eaa3eba6de819a0c442c0b4ceefc341a7a2ab77d7562bf49f425c5c2"
            ],
            "markers": "python_version >= '3.5'",
            "version": "==3.4"
        },
        "numpy": {
            "hashes": [
                "sha256:06934e1a22c54636a059215d6da99e23286424f316fddd979f5071093b648668",
                "sha256:1c59c046c31a43310ad0199d6299e59f57a289e22f0f36951ced1c9eac3665b9",
                "sha256:1d1bd82d539607951cac963388534da3b7ea0e18b149a53cf883d8f699178c0f",
                "sha256:1e11668d6f756ca5ef534b5be8653d16c5352cbb210a5c2a79ff288e937010d5",
                "sha256:3649d566e2fc067597125428db15d60eb42a4e0897fc48d28cb75dc2e0454e53",
                "sha256:59227c981d43425ca5e5c01094d59eb14e8772ce6975d4b2fc1e106a833d5ae2",
                "sha256:6081aed64714a18c72b168a9276095ef9155dd7888b9e74b5987808f0dd0a974",
                "sha256:6965888d65d2848e8768824ca8288db0a81263c1efccec881cb35a0d805fcd2f",
                "sha256:76ff661a867d9272cd2a99eed002470f46dbe0943a5ffd140f49be84f68ffc42",
                "sha256:78ca54b2f9daffa5f323f34cdf21e1d9779a54073f0018a3094ab907938331a2",
                "sha256:82e871307a6331b5f09efda3c22e03c095d957f04bf6bc1804f30048d0e5e7af",
                "sha256:8ab9163ca8aeb7fd32fe93866490654d2f7dda4e61bc6297bf72ce07fdc02f67",
                "sha256:9696aa2e35cc41e398a6d42d147cf326f8f9d81befcb399bc1ed7ffea339b64e",
                "sha256:97e5d6a9f0702c2863aaabf19f0d1b6c2628fbe476438ce0b5ce06e83085064c",
                "sha256:9f42284ebf91bdf32fafac29d29d4c07e5e9d1af862ea73686581773ef9e73a7",
                "sha256:a03fb25610ef560a6201ff06df4f8105292ba56e7cdd196ea350d123fc32e24e",
                "sha256:a5b411040beead47a228bde3b2241100454a6abde9df139ed087bd73fc0a4908",
                "sha256:af22f3d8e228d84d1c0c44c1fbdeb80f97a15a0abe4f080960393a00db733b66",
                "sha256:afd5ced4e5a96dac6725daeb5242a35494243f2239244fad10a90ce58b071d24",
                "sha256:b9d45d1dbb9de84894cc50efece5b09939752a2d75aab3a8b0cef6f3a35ecd6b",
                "sha256:bb894accfd16b867d8643fc2ba6c8617c78ba2828051e9a69511644ce86ce83e",
                "sha256:c8c6c72d4a9f831f328efb1312642a1cafafaa88981d9ab76368d50d07d93cbe",
                "sha256:cd7837b2b734ca72959a1caf3309457a318c934abef7a43a14bb984e574bbb9a",
                "sha256:cdd9ec98f0063d93baeb01aad472a1a0840dee302842a2746a7a8e92968f9575",
                "sha256:d1cfc92db6af1fd37a7bb58e55c8383b4aa1ba23d012bdbba26b4bcca45ac297",
                "sha256:d1d2c6b7dd618c41e202c59c1413ef9b2c8e8a15f5039e344af64195459e3104",
                "sha256:d2984cb6caaf05294b8466966627e80bf6c7afd273279077679cb010acb0e5ab",
                "sha256:d58e8c51a7cf43090d124d5073bc29ab2755822181fcad978b12e144e5e5a4b3",
                "sha256:d78f269e0c4fd365fc2992c00353e4530d274ba68f15e968d8bc3c69ce5f5244",
                "sha256:dcfaf015b79d1f9f9c9fd0731a907407dc3e45769262d657d754c3a028586124",
                "sha256:e44ccb93f30c75dfc0c3aa3ce38f33486a75ec9abadabd4e59f114994a9c4617",
                "sha256:e509cbc488c735b43b5ffea175235cec24bbc57b227ef1acc691725beb230d1c"
            ],
            "markers": "python_version < '3.10'",
            "version": "==1.26.1"
        },
        "pandas": {
            "hashes": [
                "sha256:04e51b01d5192499390c0015630975f57836cc95c7411415b499b599b05c0c96",
                "sha256:05c527c64ee02a47a24031c880ee0ded05af0623163494173204c5b72ddce658",
                "sha256:0a78e05ec09731c5b3bd7a9805927ea631fe6f6cb06f0e7c63191a9a778d52b4",
                "sha256:17da7035d9e6f9ea9cdc3a513161f8739b8f8489d31dc932bc5a29a27243f93d",
                "sha256:249cec5f2a5b22096440bd85c33106b6102e0672204abd2d5c014106459804ee",
                "sha256:2c25e5c16ee5c0feb6cf9d982b869eec94a22ddfda9aa2fbed00842cbb697624",
                "sha256:32e3d9f65606b3f6e76555bfd1d0b68d94aff0929d82010b791b6254bf5a4b96",
                "sha256:36aa1f8f680d7584e9b572c3203b20d22d697c31b71189322f16811d4ecfecd3",
                "sha256:5b0c970e2215572197b42f1cff58a908d734503ea54b326412c70d4692256391",
                "sha256:5cee0c74e93ed4f9d39007e439debcaadc519d7ea5c0afc3d590a3a7b2edf060",
                "sha256:669c8605dba6c798c1863157aefde959c1796671ffb342b80fcb80a4c0bc4c26",
                "sha256:66a1ad667b56e679e06ba73bb88c7309b3f48a4c279bd3afea29f65a766e9036",
                "sha256:683779e5728ac9138406c59a11e09cd98c7d2c12f0a5fc2b9c5eecdbb4a00075",
                "sha256:6bb391659a747cf4f181a227c3e64b6d197100d53da98dcd766cc158bdd9ec68",
                "sha256:81f0674fa50b38b6793cd84fae5d67f58f74c2d974d2cb4e476d26eee33343d0",
                "sha256:927e59c694e039c75d7023465d311277a1fc29ed7236b5746e9dddf180393113",
                "sha256:932d2d7d3cab44cfa275601c982f30c2d874722ef6396bb539e41e4dc4618ed4",
                "sha256:a52419d9ba5906db516109660b114faf791136c94c1a636ed6b29cbfff9187ee",
                "sha256:b156a971bc451c68c9e1f97567c94fd44155f073e3bceb1b0d195fd98ed12048",
                "sha256:bcf1a82b770b8f8c1e495b19a20d8296f875a796c4fe6e91da5ef107f18c5ecb",
                "sha256:cb2a9cf1150302d69bb99861c5cddc9c25aceacb0a4ef5299785d0f5389a3209",
                "sha256:d8c709f4700573deb2036d240d140934df7e852520f4a584b2a8d5443b71f54d",
                "sha256:db45b94885000981522fb92349e6b76f5aee0924cc5315881239c7859883117d",
                "sha256:ddf46b940ef815af4e542697eaf071f0531449407a7607dd731bf23d156e20a7",
                "sha256:e675f8fe9aa6c418dc8d3aac0087b5294c1a4527f1eacf9fe5ea671685285454",
                "sha256:eb7e8cf2cf11a2580088009b43de84cabbf6f5dae94ceb489f28dba01a17cb77",
                "sha256:f340331a3f411910adfb4bbe46c2ed5872d9e473a783d7f14ecf49bc0869c594"
            ],
            "index": "pypi",
            "version": "==1.5.1"
        },
        "pyodbc": {
            "hashes": [
                "sha256:0c9fb521b376d1b804ada98c6dd12a8b349c301060bfdc194a5045882f0b2887",
                "sha256:12b7a308e9e30d2da96a613ac12d46cd6f81a4791e5c5849e382e73eda1d23a2",
                "sha256:27340dff78694fee6e6629500ecbfbafc7694861e22256ff00af9865442d1bfe",
                "sha256:2a85203d2b6ab417f52600295294a5bb46a69fa383764959b57e8d843090fd43",
                "sha256:2b92c67e8255c8636af687f56361eaa420dd5d1b7bc883e2ff473d85a5e63e08",
                "sha256:389a8522806f439c430f5f339186e02b130f7b2de91c1366f44a21fb1229bb1b",
                "sha256:38da788c66e9594174635ee37f494d0211fe2b5634aa2364be28317b1bbed16d",
                "sha256:3bbd1819c7441766a086bf24d7803a7fd466f22dbbaffcab7acc01397961e552",
                "sha256:4b3d978619e68d0a6d6bc1f7749575b6de4ac4312aab0e889a18315b1bb06e9b",
                "sha256:71aa000e8ac925ccfabb2cdb9b2ec3247de243305d12bf5b24fcdd248ffd07e3",
                "sha256:729b4454ede1384c4eb0608b552d59e933b377bc9f3d68a0b3d44f00c8c2ecab",
                "sha256:8388c222a64fc8b0039be8e2663212e6a2915c842d5fd34f32126ee392b6c48e",
                "sha256:92b9af48e8b928455bc8b94bf3da05751faec0932a11eee237c189c6d439e5c8",
                "sha256:95c1e3f2747af0957de17192811f06525a8e9c3e6491b4698b3f34d626333be7",
                "sha256:9632c19850bdeeb7ce2e9e38cf64df1688cd803e810bf18ab92fb0588956f7be",
                "sha256:9918c50936e80cac300c9423c5936a2573543e2476749155616ef50685891145",
                "sha256:b6f1d113d382fed53fd2f5692266c83409ecbdc6144a7e1abbed76050e9e5973",
                "sha256:baf1d62959de66a664b4d63c4af00d09f107981be7a8961ce235a0fce386663b",
                "sha256:c24115c491585018faf88b1cafc73a91e177ff57c7d82d04abebe7fb52cae6b3",
                "sha256:c3ab48723c647bfd38dfa60dde3c1967e4e0e92a11c93ae30ec6665765e5a0f7",
                "sha256:c7f8e34b18474bc347bd3623408c8ecb405cf2fa71cb72e42b9657f4ffbc146a",
                "sha256:cd885f28ba39debb1c8ace95a1fed551835a5a399778350094c71d0007e42a75",
                "sha256:cfe3c59fb151daef483533ab94b6b7367fa643137f94dac0a189e9779d691755",
                "sha256:d94dd82d8ded92d3f7ed7d575dc53127e1bcc2bb7ada0ccac51eb4520cffc780",
                "sha256:dda0b6f9728941523e5b84b6a12bdcff420596451d2cfefcd7f21ace3bfde334",
                "sha256:df74d692e3002208ef16994adcd0ba0a5f579ec8621a2aa2866195defcecfdb1",
                "sha256:e9a69b16fc59b74a9153c06e452a8093eae4a6ea542462811f517e7ccc5ff3e8",
                "sha256:ea33e115ea6b3f5113a647c4a121247d32d8f338c3d9e1937b50222e52ad4360",
                "sha256:f068590bcce50b0120e88ec4f90d65f660e8d39052fad3733a40614623a987e4",
                "sha256:f964f5f153569dae60b149b35aa7d54b46fb38c6bf928c346d928771b0a5f590",
                "sha256:fe0448f3d39253ed55d1b2b4bfa22f04413e8d0b09202a81d74e4cbe54de34a4"
            ],
            "index": "pypi",
            "version": "==4.0.35"
        },
        "python-dateutil": {
            "hashes": [
                "sha256:0123cacc1627ae19ddf3c27a5de5bd67ee4586fbdd6440d9748f8abb483d3e86",
                "sha256:961d03dc3453ebbc59dbdea9e4e11c5651520a876d0f4db161e8674aae935da9"
            ],
            "markers": "python_version >= '2.7' and python_version not in '3.0, 3.1, 3.2, 3.3'",
            "version": "==2.8.2"
        },
        "pytz": {
            "hashes": [
                "sha256:7b4fddbeb94a1eba4b557da24f19fdf9db575192544270a9101d8509f9f43d7b",
                "sha256:ce42d816b81b68506614c11e8937d3aa9e41007ceb50bfdcb0749b921bf646c7"
            ],
            "version": "==2023.3.post1"
        },
        "requests": {
            "hashes": [
                "sha256:58cd2187c01e70e6e26505bca751777aa9f2ee0b7f4300988b709f44e013003f",
                "sha256:942c5a758f98d790eaed1a29cb6eefc7ffb0d1cf7af05c3d2791656dbd6ad1e1"
            ],
            "index": "pypi",
            "version": "==2.31.0"
        },
        "six": {
            "hashes": [
                "sha256:1e61c37477a1626458e36f7b1d82aa5c9b094fa4802892072e49de9c60c4c926",
                "sha256:8abb2f1d86890a2dfb989f9a77cfcfd3e47c2a354b01111771326f8aa26e0254"
            ],
            "markers": "python_version >= '2.7' and python_version not in '3.0, 3.1, 3.2, 3.3'",
            "version": "==1.16.0"
        },
        "sqlalchemy": {
            "hashes": [
                "sha256:07e48cbcdda6b8bc7a59d6728bd3f5f574ffe03f2c9fb384239f3789c2d95c2e",
                "sha256:18cafdb27834fa03569d29f571df7115812a0e59fd6a3a03ccb0d33678ec8420",
                "sha256:1b1e5e96e2789d89f023d080bee432e2fef64d95857969e70d3cadec80bd26f0",
                "sha256:315676344e3558f1f80d02535f410e80ea4e8fddba31ec78fe390eff5fb8f466",
                "sha256:31de1e2c45e67a5ec1ecca6ec26aefc299dd5151e355eb5199cd9516b57340be",
                "sha256:3d94682732d1a0def5672471ba42a29ff5e21bb0aae0afa00bb10796fc1e28dd",
                "sha256:3ec187acf85984263299a3f15c34a6c0671f83565d86d10f43ace49881a82718",
                "sha256:4847f4b1d822754e35707db913396a29d874ee77b9c3c3ef3f04d5a9a6209618",
                "sha256:4d112b0f3c1bc5ff70554a97344625ef621c1bfe02a73c5d97cac91f8cd7a41e",
                "sha256:51e1ba2884c6a2b8e19109dc08c71c49530006c1084156ecadfaadf5f9b8b053",
                "sha256:535377e9b10aff5a045e3d9ada8a62d02058b422c0504ebdcf07930599890eb0",
                "sha256:5dbf17ac9a61e7a3f1c7ca47237aac93cabd7f08ad92ac5b96d6f8dea4287fc1",
                "sha256:5f752676fc126edc1c4af0ec2e4d2adca48ddfae5de46bb40adbd3f903eb2120",
                "sha256:64cb0ad8a190bc22d2112001cfecdec45baffdf41871de777239da6a28ed74b6",
                "sha256:6913b8247d8a292ef8315162a51931e2b40ce91681f1b6f18f697045200c4a30",
                "sha256:69fac0a7054d86b997af12dc23f581cf0b25fb1c7d1fed43257dee3af32d3d6d",
                "sha256:7001f16a9a8e06488c3c7154827c48455d1c1507d7228d43e781afbc8ceccf6d",
                "sha256:7b81b1030c42b003fc10ddd17825571603117f848814a344d305262d370e7c34",
                "sha256:7f8267682eb41a0584cf66d8a697fef64b53281d01c93a503e1344197f2e01fe",
                "sha256:887865924c3d6e9a473dc82b70977395301533b3030d0f020c38fd9eba5419f2",
                "sha256:9167d4227b56591a4cc5524f1b79ccd7ea994f36e4c648ab42ca995d28ebbb96",
                "sha256:939f9a018d2ad04036746e15d119c0428b1e557470361aa798e6e7d7f5875be0",
                "sha256:955162ad1a931fe416eded6bb144ba891ccbf9b2e49dc7ded39274dd9c5affc5",
                "sha256:984ee13543a346324319a1fb72b698e521506f6f22dc37d7752a329e9cd00a32",
                "sha256:9883f5fae4fd8e3f875adc2add69f8b945625811689a6c65866a35ee9c0aea23",
                "sha256:a1ad90c97029cc3ab4ffd57443a20fac21d2ec3c89532b084b073b3feb5abff3",
                "sha256:a3714e5b33226131ac0da60d18995a102a17dddd42368b7bdd206737297823ad",
                "sha256:ae067ab639fa499f67ded52f5bc8e084f045d10b5ac7bb928ae4ca2b6c0429a5",
                "sha256:b33ffbdbbf5446cf36cd4cc530c9d9905d3c2fe56ed09e25c22c850cdb9fac92",
                "sha256:b6e4cb5c63f705c9d546a054c60d326cbde7421421e2d2565ce3e2eee4e1a01f",
                "sha256:b7f4b6aa6e87991ec7ce0e769689a977776db6704947e562102431474799a857",
                "sha256:c04144a24103135ea0315d459431ac196fe96f55d3213bfd6d39d0247775c854",
                "sha256:c522e496f9b9b70296a7675272ec21937ccfc15da664b74b9f58d98a641ce1b6",
                "sha256:c5a99282848b6cae0056b85da17392a26b2d39178394fc25700bcf967e06e97a",
                "sha256:c7a46639ba058d320c9f53a81db38119a74b8a7a1884df44d09fbe807d028aaf",
                "sha256:d4b1cc7835b39835c75cf7c20c926b42e97d074147c902a9ebb7cf2c840dc4e2",
                "sha256:d4d164df3d83d204c69f840da30b292ac7dc54285096c6171245b8d7807185aa",
                "sha256:d61e9ecc849d8d44d7f80894ecff4abe347136e9d926560b818f6243409f3c86",
                "sha256:d68e1762997bfebf9e5cf2a9fd0bcf9ca2fdd8136ce7b24bbd3bbfa4328f3e4a",
                "sha256:e3c1808008124850115a3f7e793a975cfa5c8a26ceeeb9ff9cbb4485cac556df",
                "sha256:f8cb80fe8d14307e4124f6fad64dfd87ab749c9d275f82b8b4ec84c84ecebdbe"
            ],
            "index": "pypi",
            "version": "==1.4.46"
        },
        "urllib3": {
            "hashes": [
                "sha256:c97dfde1f7bd43a71c8d2a58e369e9b2bf692d1334ea9f9cae55add7d0dd0f84",
                "sha256:fdb6d215c776278489906c2f8916e6e7d4f5a9b602ccbcfdf7f016fc8da0596e"
            ],
            "markers": "python_version >= '3.7'",
            "version": "==2.0.7"
        },
        "xmltodict": {
            "hashes": [
                "sha256:341595a488e3e01a85a9d8911d8912fd922ede5fecc4dce437eb4b6c8d037e56",
                "sha256:aa89e8fd76320154a40d19a0df04a4695fb9dc5ba977cbb68ab3e4eb225e7852"
            ],
            "index": "pypi",
            "version": "==0.13.0"
        }
    },
    "develop": {}
}
